// !$*UTF8*$!
{
	archiveVersion = 1;
	classes = {
	};
	objectVersion = 56;
	objects = {

/* Begin PBXBuildFile section */
		356601162B2F5AB800A66C22 /* AppDelegate.swift in Sources */ = {isa = PBXBuildFile; fileRef = 356601152B2F5AB800A66C22 /* AppDelegate.swift */; };
		356601182B2F5AB800A66C22 /* art.scnassets in Resources */ = {isa = PBXBuildFile; fileRef = 356601172B2F5AB800A66C22 /* art.scnassets */; };
		3566011A2B2F5AB800A66C22 /* ViewController.swift in Sources */ = {isa = PBXBuildFile; fileRef = 356601192B2F5AB800A66C22 /* ViewController.swift */; };
		3566011D2B2F5AB800A66C22 /* Main.storyboard in Resources */ = {isa = PBXBuildFile; fileRef = 3566011B2B2F5AB800A66C22 /* Main.storyboard */; };
		3566011F2B2F5AB900A66C22 /* Assets.xcassets in Resources */ = {isa = PBXBuildFile; fileRef = 3566011E2B2F5AB900A66C22 /* Assets.xcassets */; };
		356601222B2F5AB900A66C22 /* LaunchScreen.storyboard in Resources */ = {isa = PBXBuildFile; fileRef = 356601202B2F5AB900A66C22 /* LaunchScreen.storyboard */; };
/* End PBXBuildFile section */

/* Begin PBXFileReference section */
		356601122B2F5AB800A66C22 /* ImToBin.app */ = {isa = PBXFileReference; explicitFileType = wrapper.application; includeInIndex = 0; path = ImToBin.app; sourceTree = BUILT_PRODUCTS_DIR; };
		356601152B2F5AB800A66C22 /* AppDelegate.swift */ = {isa = PBXFileReference; lastKnownFileType = sourcecode.swift; path = AppDelegate.swift; sourceTree = "<group>"; };
		356601172B2F5AB800A66C22 /* art.scnassets */ = {isa = PBXFileReference; lastKnownFileType = wrapper.scnassets; path = art.scnassets; sourceTree = "<group>"; };
		356601192B2F5AB800A66C22 /* ViewController.swift */ = {isa = PBXFileReference; lastKnownFileType = sourcecode.swift; path = ViewController.swift; sourceTree = "<group>"; };
		3566011C2B2F5AB800A66C22 /* Base */ = {isa = PBXFileReference; lastKnownFileType = file.storyboard; name = Base; path = Base.lproj/Main.storyboard; sourceTree = "<group>"; };
		3566011E2B2F5AB900A66C22 /* Assets.xcassets */ = {isa = PBXFileReference; lastKnownFileType = folder.assetcatalog; path = Assets.xcassets; sourceTree = "<group>"; };
		356601212B2F5AB900A66C22 /* Base */ = {isa = PBXFileReference; lastKnownFileType = file.storyboard; name = Base; path = Base.lproj/LaunchScreen.storyboard; sourceTree = "<group>"; };
/* End PBXFileReference section */

/* Begin PBXFrameworksBuildPhase section */
		3566010F2B2F5AB800A66C22 /* Frameworks */ = {
			isa = PBXFrameworksBuildPhase;
			buildActionMask = 2147483647;
			files = (
			);
			runOnlyForDeploymentPostprocessing = 0;
		};
/* End PBXFrameworksBuildPhase section */

/* Begin PBXGroup section */
		356601092B2F5AB800A66C22 = {
			isa = PBXGroup;
			children = (
				356601142B2F5AB800A66C22 /* ImToBin */,
				356601132B2F5AB800A66C22 /* Products */,
			);
			sourceTree = "<group>";
		};
		356601132B2F5AB800A66C22 /* Products */ = {
			isa = PBXGroup;
			children = (
				356601122B2F5AB800A66C22 /* ImToBin.app */,
			);
			name = Products;
			sourceTree = "<group>";
		};
		356601142B2F5AB800A66C22 /* ImToBin */ = {
			isa = PBXGroup;
			children = (
				356601282B2F5BE900A66C22 /* App */,
				3568D9E42B2F5D2B00D0758E /* Core */,
				3568D9E52B2F5D2F00D0758E /* Futures */,
			);
			path = ImToBin;
			sourceTree = "<group>";
		};
		356601282B2F5BE900A66C22 /* App */ = {
			isa = PBXGroup;
			children = (
				356601292B2F5C1200A66C22 /* Assets */,
				356601152B2F5AB800A66C22 /* AppDelegate.swift */,
			);
			path = App;
			sourceTree = "<group>";
		};
		356601292B2F5C1200A66C22 /* Assets */ = {
			isa = PBXGroup;
			children = (
				3566011E2B2F5AB900A66C22 /* Assets.xcassets */,
				356601172B2F5AB800A66C22 /* art.scnassets */,
			);
			path = Assets;
			sourceTree = "<group>";
		};
		3568D9E42B2F5D2B00D0758E /* Core */ = {
			isa = PBXGroup;
			children = (
				3568D9EC2B2F5DCE00D0758E /* Algorithm */,
			);
			path = Core;
			sourceTree = "<group>";
		};
		3568D9E52B2F5D2F00D0758E /* Futures */ = {
			isa = PBXGroup;
			children = (
				3568D9E62B2F5D3C00D0758E /* Main */,
				3568D9EA2B2F5D9D00D0758E /* LaunchScreen */,
			);
			path = Futures;
			sourceTree = "<group>";
		};
		3568D9E62B2F5D3C00D0758E /* Main */ = {
			isa = PBXGroup;
			children = (
				3568D9E82B2F5D8C00D0758E /* View */,
				3568D9E72B2F5D6C00D0758E /* ViewControlller */,
			);
			path = Main;
			sourceTree = "<group>";
		};
		3568D9E72B2F5D6C00D0758E /* ViewControlller */ = {
			isa = PBXGroup;
			children = (
				356601192B2F5AB800A66C22 /* ViewController.swift */,
			);
			path = ViewControlller;
			sourceTree = "<group>";
		};
		3568D9E82B2F5D8C00D0758E /* View */ = {
			isa = PBXGroup;
			children = (
				3566011B2B2F5AB800A66C22 /* Main.storyboard */,
			);
			path = View;
			sourceTree = "<group>";
		};
		3568D9EA2B2F5D9D00D0758E /* LaunchScreen */ = {
			isa = PBXGroup;
			children = (
				3568D9EB2B2F5DA300D0758E /* View */,
			);
			path = LaunchScreen;
			sourceTree = "<group>";
		};
		3568D9EB2B2F5DA300D0758E /* View */ = {
			isa = PBXGroup;
			children = (
				356601202B2F5AB900A66C22 /* LaunchScreen.storyboard */,
			);
			path = View;
			sourceTree = "<group>";
		};
		3568D9EC2B2F5DCE00D0758E /* Algorithm */ = {
			isa = PBXGroup;
			children = (
			);
			path = Algorithm;
			sourceTree = "<group>";
		};
/* End PBXGroup section */

/* Begin PBXNativeTarget section */
		356601112B2F5AB800A66C22 /* ImToBin */ = {
			isa = PBXNativeTarget;
			buildConfigurationList = 356601252B2F5AB900A66C22 /* Build configuration list for PBXNativeTarget "ImToBin" */;
			buildPhases = (
				3566010E2B2F5AB800A66C22 /* Sources */,
				3566010F2B2F5AB800A66C22 /* Frameworks */,
				356601102B2F5AB800A66C22 /* Resources */,
			);
			buildRules = (
			);
			dependencies = (
			);
			name = ImToBin;
			productName = ImToBin;
			productReference = 356601122B2F5AB800A66C22 /* ImToBin.app */;
			productType = "com.apple.product-type.application";
		};
/* End PBXNativeTarget section */

/* Begin PBXProject section */
		3566010A2B2F5AB800A66C22 /* Project object */ = {
			isa = PBXProject;
			attributes = {
				BuildIndependentTargetsInParallel = 1;
				LastSwiftUpdateCheck = 1510;
				LastUpgradeCheck = 1510;
				TargetAttributes = {
					356601112B2F5AB800A66C22 = {
						CreatedOnToolsVersion = 15.1;
					};
				};
			};
			buildConfigurationList = 3566010D2B2F5AB800A66C22 /* Build configuration list for PBXProject "ImToBin" */;
			compatibilityVersion = "Xcode 14.0";
			developmentRegion = en;
			hasScannedForEncodings = 0;
			knownRegions = (
				en,
				Base,
			);
			mainGroup = 356601092B2F5AB800A66C22;
			productRefGroup = 356601132B2F5AB800A66C22 /* Products */;
			projectDirPath = "";
			projectRoot = "";
			targets = (
				356601112B2F5AB800A66C22 /* ImToBin */,
			);
		};
/* End PBXProject section */

/* Begin PBXResourcesBuildPhase section */
		356601102B2F5AB800A66C22 /* Resources */ = {
			isa = PBXResourcesBuildPhase;
			buildActionMask = 2147483647;
			files = (
				356601182B2F5AB800A66C22 /* art.scnassets in Resources */,
				356601222B2F5AB900A66C22 /* LaunchScreen.storyboard in Resources */,
				3566011F2B2F5AB900A66C22 /* Assets.xcassets in Resources */,
				3566011D2B2F5AB800A66C22 /* Main.storyboard in Resources */,
			);
			runOnlyForDeploymentPostprocessing = 0;
		};
/* End PBXResourcesBuildPhase section */

/* Begin PBXSourcesBuildPhase section */
		3566010E2B2F5AB800A66C22 /* Sources */ = {
			isa = PBXSourcesBuildPhase;
			buildActionMask = 2147483647;
			files = (
				3566011A2B2F5AB800A66C22 /* ViewController.swift in Sources */,
				356601162B2F5AB800A66C22 /* AppDelegate.swift in Sources */,
			);
			runOnlyForDeploymentPostprocessing = 0;
		};
/* End PBXSourcesBuildPhase section */

/* Begin PBXVariantGroup section */
		3566011B2B2F5AB800A66C22 /* Main.storyboard */ = {
			isa = PBXVariantGroup;
			children = (
				3566011C2B2F5AB800A66C22 /* Base */,
			);
			name = Main.storyboard;
			sourceTree = "<group>";
		};
		356601202B2F5AB900A66C22 /* LaunchScreen.storyboard */ = {
			isa = PBXVariantGroup;
			children = (
				356601212B2F5AB900A66C22 /* Base */,
			);
			name = LaunchScreen.storyboard;
			sourceTree = "<group>";
		};
/* End PBXVariantGroup section */

/* Begin XCBuildConfiguration section */
		356601232B2F5AB900A66C22 /* Debug */ = {
			isa = XCBuildConfiguration;
			buildSettings = {
				ALWAYS_SEARCH_USER_PATHS = NO;
				ASSETCATALOG_COMPILER_GENERATE_SWIFT_ASSET_SYMBOL_EXTENSIONS = YES;
				CLANG_ANALYZER_NONNULL = YES;
				CLANG_ANALYZER_NUMBER_OBJECT_CONVERSION = YES_AGGRESSIVE;
				CLANG_CXX_LANGUAGE_STANDARD = "gnu++20";
				CLANG_ENABLE_MODULES = YES;
				CLANG_ENABLE_OBJC_ARC = YES;
				CLANG_ENABLE_OBJC_WEAK = YES;
				CLANG_WARN_BLOCK_CAPTURE_AUTORELEASING = YES;
				CLANG_WARN_BOOL_CONVERSION = YES;
				CLANG_WARN_COMMA = YES;
				CLANG_WARN_CONSTANT_CONVERSION = YES;
				CLANG_WARN_DEPRECATED_OBJC_IMPLEMENTATIONS = YES;
				CLANG_WARN_DIRECT_OBJC_ISA_USAGE = YES_ERROR;
				CLANG_WARN_DOCUMENTATION_COMMENTS = YES;
				CLANG_WARN_EMPTY_BODY = YES;
				CLANG_WARN_ENUM_CONVERSION = YES;
				CLANG_WARN_INFINITE_RECURSION = YES;
				CLANG_WARN_INT_CONVERSION = YES;
				CLANG_WARN_NON_LITERAL_NULL_CONVERSION = YES;
				CLANG_WARN_OBJC_IMPLICIT_RETAIN_SELF = YES;
				CLANG_WARN_OBJC_LITERAL_CONVERSION = YES;
				CLANG_WARN_OBJC_ROOT_CLASS = YES_ERROR;
				CLANG_WARN_QUOTED_INCLUDE_IN_FRAMEWORK_HEADER = YES;
				CLANG_WARN_RANGE_LOOP_ANALYSIS = YES;
				CLANG_WARN_STRICT_PROTOTYPES = YES;
				CLANG_WARN_SUSPICIOUS_MOVE = YES;
				CLANG_WARN_UNGUARDED_AVAILABILITY = YES_AGGRESSIVE;
				CLANG_WARN_UNREACHABLE_CODE = YES;
				CLANG_WARN__DUPLICATE_METHOD_MATCH = YES;
				COPY_PHASE_STRIP = NO;
				DEBUG_INFORMATION_FORMAT = dwarf;
				ENABLE_STRICT_OBJC_MSGSEND = YES;
				ENABLE_TESTABILITY = YES;
				ENABLE_USER_SCRIPT_SANDBOXING = YES;
				GCC_C_LANGUAGE_STANDARD = gnu17;
				GCC_DYNAMIC_NO_PIC = NO;
				GCC_NO_COMMON_BLOCKS = YES;
				GCC_OPTIMIZATION_LEVEL = 0;
				GCC_PREPROCESSOR_DEFINITIONS = (
					"DEBUG=1",
					"$(inherited)",
				);
				GCC_WARN_64_TO_32_BIT_CONVERSION = YES;
				GCC_WARN_ABOUT_RETURN_TYPE = YES_ERROR;
				GCC_WARN_UNDECLARED_SELECTOR = YES;
				GCC_WARN_UNINITIALIZED_AUTOS = YES_AGGRESSIVE;
				GCC_WARN_UNUSED_FUNCTION = YES;
				GCC_WARN_UNUSED_VARIABLE = YES;
				IPHONEOS_DEPLOYMENT_TARGET = 17.2;
				LOCALIZATION_PREFERS_STRING_CATALOGS = YES;
				MTL_ENABLE_DEBUG_INFO = INCLUDE_SOURCE;
				MTL_FAST_MATH = YES;
				ONLY_ACTIVE_ARCH = YES;
				SDKROOT = iphoneos;
				SWIFT_ACTIVE_COMPILATION_CONDITIONS = "DEBUG $(inherited)";
				SWIFT_OPTIMIZATION_LEVEL = "-Onone";
			};
			name = Debug;
		};
		356601242B2F5AB900A66C22 /* Release */ = {
			isa = XCBuildConfiguration;
			buildSettings = {
				ALWAYS_SEARCH_USER_PATHS = NO;
				ASSETCATALOG_COMPILER_GENERATE_SWIFT_ASSET_SYMBOL_EXTENSIONS = YES;
				CLANG_ANALYZER_NONNULL = YES;
				CLANG_ANALYZER_NUMBER_OBJECT_CONVERSION = YES_AGGRESSIVE;
				CLANG_CXX_LANGUAGE_STANDARD = "gnu++20";
				CLANG_ENABLE_MODULES = YES;
				CLANG_ENABLE_OBJC_ARC = YES;
				CLANG_ENABLE_OBJC_WEAK = YES;
				CLANG_WARN_BLOCK_CAPTURE_AUTORELEASING = YES;
				CLANG_WARN_BOOL_CONVERSION = YES;
				CLANG_WARN_COMMA = YES;
				CLANG_WARN_CONSTANT_CONVERSION = YES;
				CLANG_WARN_DEPRECATED_OBJC_IMPLEMENTATIONS = YES;
				CLANG_WARN_DIRECT_OBJC_ISA_USAGE = YES_ERROR;
				CLANG_WARN_DOCUMENTATION_COMMENTS = YES;
				CLANG_WARN_EMPTY_BODY = YES;
				CLANG_WARN_ENUM_CONVERSION = YES;
				CLANG_WARN_INFINITE_RECURSION = YES;
				CLANG_WARN_INT_CONVERSION = YES;
				CLANG_WARN_NON_LITERAL_NULL_CONVERSION = YES;
				CLANG_WARN_OBJC_IMPLICIT_RETAIN_SELF = YES;
				CLANG_WARN_OBJC_LITERAL_CONVERSION = YES;
				CLANG_WARN_OBJC_ROOT_CLASS = YES_ERROR;
				CLANG_WARN_QUOTED_INCLUDE_IN_FRAMEWORK_HEADER = YES;
				CLANG_WARN_RANGE_LOOP_ANALYSIS = YES;
				CLANG_WARN_STRICT_PROTOTYPES = YES;
				CLANG_WARN_SUSPICIOUS_MOVE = YES;
				CLANG_WARN_UNGUARDED_AVAILABILITY = YES_AGGRESSIVE;
				CLANG_WARN_UNREACHABLE_CODE = YES;
				CLANG_WARN__DUPLICATE_METHOD_MATCH = YES;
				COPY_PHASE_STRIP = NO;
				DEBUG_INFORMATION_FORMAT = "dwarf-with-dsym";
				ENABLE_NS_ASSERTIONS = NO;
				ENABLE_STRICT_OBJC_MSGSEND = YES;
				ENABLE_USER_SCRIPT_SANDBOXING = YES;
				GCC_C_LANGUAGE_STANDARD = gnu17;
				GCC_NO_COMMON_BLOCKS = YES;
				GCC_WARN_64_TO_32_BIT_CONVERSION = YES;
				GCC_WARN_ABOUT_RETURN_TYPE = YES_ERROR;
				GCC_WARN_UNDECLARED_SELECTOR = YES;
				GCC_WARN_UNINITIALIZED_AUTOS = YES_AGGRESSIVE;
				GCC_WARN_UNUSED_FUNCTION = YES;
				GCC_WARN_UNUSED_VARIABLE = YES;
				IPHONEOS_DEPLOYMENT_TARGET = 17.2;
				LOCALIZATION_PREFERS_STRING_CATALOGS = YES;
				MTL_ENABLE_DEBUG_INFO = NO;
				MTL_FAST_MATH = YES;
				SDKROOT = iphoneos;
				SWIFT_COMPILATION_MODE = wholemodule;
				VALIDATE_PRODUCT = YES;
			};
			name = Release;
		};
		356601262B2F5AB900A66C22 /* Debug */ = {
			isa = XCBuildConfiguration;
			buildSettings = {
				ASSETCATALOG_COMPILER_APPICON_NAME = AppIcon;
				ASSETCATALOG_COMPILER_GLOBAL_ACCENT_COLOR_NAME = AccentColor;
				CODE_SIGN_STYLE = Automatic;
				CURRENT_PROJECT_VERSION = 1;
				DEVELOPMENT_TEAM = 5T5Z6BBS7B;
				GENERATE_INFOPLIST_FILE = YES;
				INFOPLIST_KEY_NSCameraUsageDescription = "";
				INFOPLIST_KEY_UIApplicationSupportsIndirectInputEvents = YES;
				INFOPLIST_KEY_UILaunchStoryboardName = LaunchScreen;
				INFOPLIST_KEY_UIMainStoryboardFile = Main;
				INFOPLIST_KEY_UIRequiredDeviceCapabilities = arkit;
				INFOPLIST_KEY_UIStatusBarHidden = YES;
				INFOPLIST_KEY_UISupportedInterfaceOrientations = UIInterfaceOrientationPortrait;
				INFOPLIST_KEY_UISupportedInterfaceOrientations_iPad = "UIInterfaceOrientationLandscapeLeft UIInterfaceOrientationLandscapeRight UIInterfaceOrientationPortrait UIInterfaceOrientationPortraitUpsideDown";
				LD_RUNPATH_SEARCH_PATHS = (
					"$(inherited)",
					"@executable_path/Frameworks",
				);
				MARKETING_VERSION = 1.0.1;
				PRODUCT_BUNDLE_IDENTIFIER = com.erkutter.ImToBin;
				PRODUCT_NAME = "$(TARGET_NAME)";
				SUPPORTED_PLATFORMS = "iphoneos iphonesimulator";
				SUPPORTS_MACCATALYST = NO;
				SUPPORTS_MAC_DESIGNED_FOR_IPHONE_IPAD = NO;
				SWIFT_EMIT_LOC_STRINGS = YES;
				SWIFT_VERSION = 5.0;
				TARGETED_DEVICE_FAMILY = 1;
			};
			name = Debug;
		};
		356601272B2F5AB900A66C22 /* Release */ = {
			isa = XCBuildConfiguration;
			buildSettings = {
				ASSETCATALOG_COMPILER_APPICON_NAME = AppIcon;
				ASSETCATALOG_COMPILER_GLOBAL_ACCENT_COLOR_NAME = AccentColor;
				CODE_SIGN_STYLE = Automatic;
				CURRENT_PROJECT_VERSION = 1;
				DEVELOPMENT_TEAM = 5T5Z6BBS7B;
				GENERATE_INFOPLIST_FILE = YES;
				INFOPLIST_KEY_NSCameraUsageDescription = "";
				INFOPLIST_KEY_UIApplicationSupportsIndirectInputEvents = YES;
				INFOPLIST_KEY_UILaunchStoryboardName = LaunchScreen;
				INFOPLIST_KEY_UIMainStoryboardFile = Main;
				INFOPLIST_KEY_UIRequiredDeviceCapabilities = arkit;
				INFOPLIST_KEY_UIStatusBarHidden = YES;
				INFOPLIST_KEY_UISupportedInterfaceOrientations = UIInterfaceOrientationPortrait;
				INFOPLIST_KEY_UISupportedInterfaceOrientations_iPad = "UIInterfaceOrientationLandscapeLeft UIInterfaceOrientationLandscapeRight UIInterfaceOrientationPortrait UIInterfaceOrientationPortraitUpsideDown";
				LD_RUNPATH_SEARCH_PATHS = (
					"$(inherited)",
					"@executable_path/Frameworks",
				);
				MARKETING_VERSION = 1.0.1;
				PRODUCT_BUNDLE_IDENTIFIER = com.erkutter.ImToBin;
				PRODUCT_NAME = "$(TARGET_NAME)";
				SUPPORTED_PLATFORMS = "iphoneos iphonesimulator";
				SUPPORTS_MACCATALYST = NO;
				SUPPORTS_MAC_DESIGNED_FOR_IPHONE_IPAD = NO;
				SWIFT_EMIT_LOC_STRINGS = YES;
				SWIFT_VERSION = 5.0;
				TARGETED_DEVICE_FAMILY = 1;
			};
			name = Release;
		};
/* End XCBuildConfiguration section */

/* Begin XCConfigurationList section */
		3566010D2B2F5AB800A66C22 /* Build configuration list for PBXProject "ImToBin" */ = {
			isa = XCConfigurationList;
			buildConfigurations = (
				356601232B2F5AB900A66C22 /* Debug */,
				356601242B2F5AB900A66C22 /* Release */,
			);
			defaultConfigurationIsVisible = 0;
			defaultConfigurationName = Release;
		};
		356601252B2F5AB900A66C22 /* Build configuration list for PBXNativeTarget "ImToBin" */ = {
			isa = XCConfigurationList;
			buildConfigurations = (
				356601262B2F5AB900A66C22 /* Debug */,
				356601272B2F5AB900A66C22 /* Release */,
			);
			defaultConfigurationIsVisible = 0;
			defaultConfigurationName = Release;
		};
/* End XCConfigurationList section */
	};
	rootObject = 3566010A2B2F5AB800A66C22 /* Project object */;
}
